{
    "name": "scylladb-driver-alpha-benchmarks",
    "version": "0.0.2",
    "lockfileVersion": 3,
    "requires": true,
    "packages": {
        "": {
            "name": "scylladb-driver-alpha-benchmarks",
            "version": "0.0.2",
            "license": "Apache-2.0",
            "dependencies": {
                "async": "^1.5.2",
                "cassandra-driver": "^4.8.0",
                "scylladb-driver-alpha": "file:./../"
            }
        },
        "..": {
            "name": "scylladb-driver-alpha",
            "version": "0.2.0",
            "license": "Apache-2.0",
            "dependencies": {
                "@types/long": "~5.0.0",
                "@types/node": ">=8",
                "adm-zip": "~0.5.10",
                "jsdoc": "^4.0.4",
                "long": "~5.2.3"
            },
            "devDependencies": {
                "@eslint/js": "^9.15.0",
                "@napi-rs/cli": "^3.4.0",
                "ava": "^6.0.1",
                "chai": "~4.3.8",
                "eslint": "^9.15.0",
                "eslint-plugin-mocha": "^10.5.0",
                "globals": "^15.12.0",
                "mocha": "~10.8.2",
                "mocha-jenkins-reporter": "~0.4.8",
                "prettier": "~3.3.3",
                "proxyquire": "~2.1.3",
                "sinon": "~15.2.0",
                "temp": ">= 0.8.3"
            },
            "engines": {
                "node": ">=16"
            }
        },
        "node_modules/@types/node": {
            "version": "18.19.79",
            "resolved": "https://registry.npmjs.org/@types/node/-/node-18.19.79.tgz",
            "integrity": "sha512-90K8Oayimbctc5zTPHPfZloc/lGVs7f3phUAAMcTgEPtg8kKquGZDERC8K4vkBYkQQh48msiYUslYtxTWvqcAg==",
            "dependencies": {
                "undici-types": "~5.26.4"
            }
        },
        "node_modules/adm-zip": {
            "version": "0.5.16",
            "resolved": "https://registry.npmjs.org/adm-zip/-/adm-zip-0.5.16.tgz",
            "integrity": "sha512-TGw5yVi4saajsSEgz25grObGHEUaDrniwvA2qwSC060KfqGPdglhvPMA2lPIoxs3PQIItj2iag35fONcQqgUaQ==",
            "engines": {
                "node": ">=12.0"
            }
        },
        "node_modules/async": {
            "version": "1.5.2",
            "resolved": "https://registry.npmjs.org/async/-/async-1.5.2.tgz",
            "integrity": "sha512-nSVgobk4rv61R9PUSDtYt7mPVB2olxNR5RWJcAsH676/ef11bUZwvu7+RGYrYauVdDPcO519v68wRhXQtxsV9w=="
        },
        "node_modules/cassandra-driver": {
            "version": "4.8.0",
            "resolved": "https://registry.npmjs.org/cassandra-driver/-/cassandra-driver-4.8.0.tgz",
            "integrity": "sha512-HritfMGq9V7SuESeSodHvArs0mLuMk7uh+7hQK2lqdvXrvm50aWxb4RPxkK3mPDdsgHjJ427xNRFITMH2ei+Sw==",
            "dependencies": {
                "@types/node": "^18.11.18",
                "adm-zip": "~0.5.10",
                "long": "~5.2.3"
            },
            "engines": {
                "node": ">=18"
            }
        },
        "node_modules/long": {
            "version": "5.2.5",
            "resolved": "https://registry.npmjs.org/long/-/long-5.2.5.tgz",
            "integrity": "sha512-e0r9YBBgNCq1D1o5Dp8FMH0N5hsFtXDBiVa0qoJPHpakvZkmDKPRoGffZJII/XsHvj9An9blm+cRJ01yQqU+Dw=="
        },
        "node_modules/scylladb-driver-alpha": {
            "resolved": "..",
            "link": true
        },
        "node_modules/undici-types": {
            "version": "5.26.5",
            "resolved": "https://registry.npmjs.org/undici-types/-/undici-types-5.26.5.tgz",
            "integrity": "sha512-JlCMO+ehdEIKqlFxk6IfVoAUVmgz7cU7zD/h9XZ0qzeosSHmUJVOzSQvvYSYWXkFXC+IfLKSIffhv0sVZup6pA=="
        }
    }
}
